// !$*UTF8*$!
{
	archiveVersion = 1;
	classes = {
	};
	objectVersion = 56;
	objects = {

/* Begin PBXBuildFile section */
		D8D185DC2C7585DC00866001 /* AppDelegate.swift in Sources */ = {isa = PBXBuildFile; fileRef = D8D185DB2C7585DC00866001 /* AppDelegate.swift */; };
		D8D185DE2C7585DC00866001 /* SceneDelegate.swift in Sources */ = {isa = PBXBuildFile; fileRef = D8D185DD2C7585DC00866001 /* SceneDelegate.swift */; };
		D8D185E02C7585DC00866001 /* ViewController.swift in Sources */ = {isa = PBXBuildFile; fileRef = D8D185DF2C7585DC00866001 /* ViewController.swift */; };
		D8D185E32C7585DC00866001 /* Base in Resources */ = {isa = PBXBuildFile; fileRef = D8D185E22C7585DC00866001 /* Base */; };
		D8D185E52C7585DD00866001 /* Assets.xcassets in Resources */ = {isa = PBXBuildFile; fileRef = D8D185E42C7585DD00866001 /* Assets.xcassets */; };
		D8D185E82C7585DD00866001 /* Base in Resources */ = {isa = PBXBuildFile; fileRef = D8D185E72C7585DD00866001 /* Base */; };
		D8D185F02C7590CD00866001 /* ELMySelfTableViewCell.swift in Sources */ = {isa = PBXBuildFile; fileRef = D8D185EF2C7590CD00866001 /* ELMySelfTableViewCell.swift */; };
		D8D185F22C75B3A000866001 /* ELMySelfCellModel.swift in Sources */ = {isa = PBXBuildFile; fileRef = D8D185F12C75B3A000866001 /* ELMySelfCellModel.swift */; };
		D8D185F42C75B42B00866001 /* ELMySelfViewController.swift in Sources */ = {isa = PBXBuildFile; fileRef = D8D185F32C75B42B00866001 /* ELMySelfViewController.swift */; };
/* End PBXBuildFile section */

/* Begin PBXFileReference section */
		D8D185D82C7585DC00866001 /* SwiftForStorboard.app */ = {isa = PBXFileReference; explicitFileType = wrapper.application; includeInIndex = 0; path = SwiftForStorboard.app; sourceTree = BUILT_PRODUCTS_DIR; };
		D8D185DB2C7585DC00866001 /* AppDelegate.swift */ = {isa = PBXFileReference; lastKnownFileType = sourcecode.swift; path = AppDelegate.swift; sourceTree = "<group>"; };
		D8D185DD2C7585DC00866001 /* SceneDelegate.swift */ = {isa = PBXFileReference; lastKnownFileType = sourcecode.swift; path = SceneDelegate.swift; sourceTree = "<group>"; };
		D8D185DF2C7585DC00866001 /* ViewController.swift */ = {isa = PBXFileReference; lastKnownFileType = sourcecode.swift; path = ViewController.swift; sourceTree = "<group>"; };
		D8D185E22C7585DC00866001 /* Base */ = {isa = PBXFileReference; lastKnownFileType = file.storyboard; name = Base; path = Base.lproj/Main.storyboard; sourceTree = "<group>"; };
		D8D185E42C7585DD00866001 /* Assets.xcassets */ = {isa = PBXFileReference; lastKnownFileType = folder.assetcatalog; path = Assets.xcassets; sourceTree = "<group>"; };
		D8D185E72C7585DD00866001 /* Base */ = {isa = PBXFileReference; lastKnownFileType = file.storyboard; name = Base; path = Base.lproj/LaunchScreen.storyboard; sourceTree = "<group>"; };
		D8D185E92C7585DD00866001 /* Info.plist */ = {isa = PBXFileReference; lastKnownFileType = text.plist.xml; path = Info.plist; sourceTree = "<group>"; };
		D8D185EF2C7590CD00866001 /* ELMySelfTableViewCell.swift */ = {isa = PBXFileReference; lastKnownFileType = sourcecode.swift; path = ELMySelfTableViewCell.swift; sourceTree = "<group>"; };
		D8D185F12C75B3A000866001 /* ELMySelfCellModel.swift */ = {isa = PBXFileReference; lastKnownFileType = sourcecode.swift; path = ELMySelfCellModel.swift; sourceTree = "<group>"; };
		D8D185F32C75B42B00866001 /* ELMySelfViewController.swift */ = {isa = PBXFileReference; lastKnownFileType = sourcecode.swift; path = ELMySelfViewController.swift; sourceTree = "<group>"; };
/* End PBXFileReference section */

/* Begin PBXFrameworksBuildPhase section */
		D8D185D52C7585DC00866001 /* Frameworks */ = {
			isa = PBXFrameworksBuildPhase;
			buildActionMask = 2147483647;
			files = (
			);
			runOnlyForDeploymentPostprocessing = 0;
		};
/* End PBXFrameworksBuildPhase section */

/* Begin PBXGroup section */
		D80C4B092C80048E008AA173 /* MVC */ = {
			isa = PBXGroup;
			children = (
				D8D185F32C75B42B00866001 /* ELMySelfViewController.swift */,
				D8D185EF2C7590CD00866001 /* ELMySelfTableViewCell.swift */,
				D8D185F12C75B3A000866001 /* ELMySelfCellModel.swift */,
			);
			path = MVC;
			sourceTree = "<group>";
		};
		D80C4B0A2C800919008AA173 /* MVVM */ = {
			isa = PBXGroup;
			children = (
			);
			path = MVVM;
			sourceTree = "<group>";
		};
		D8D185CF2C7585DC00866001 = {
			isa = PBXGroup;
			children = (
				D8D185DA2C7585DC00866001 /* SwiftForStorboard */,
				D8D185D92C7585DC00866001 /* Products */,
			);
			sourceTree = "<group>";
		};
		D8D185D92C7585DC00866001 /* Products */ = {
			isa = PBXGroup;
			children = (
				D8D185D82C7585DC00866001 /* SwiftForStorboard.app */,
			);
			name = Products;
			sourceTree = "<group>";
		};
		D8D185DA2C7585DC00866001 /* SwiftForStorboard */ = {
			isa = PBXGroup;
			children = (
				D80C4B0A2C800919008AA173 /* MVVM */,
				D80C4B092C80048E008AA173 /* MVC */,
				D8D185DB2C7585DC00866001 /* AppDelegate.swift */,
				D8D185DD2C7585DC00866001 /* SceneDelegate.swift */,
				D8D185DF2C7585DC00866001 /* ViewController.swift */,
				D8D185E12C7585DC00866001 /* Main.storyboard */,
				D8D185E42C7585DD00866001 /* Assets.xcassets */,
				D8D185E62C7585DD00866001 /* LaunchScreen.storyboard */,
				D8D185E92C7585DD00866001 /* Info.plist */,
			);
			path = SwiftForStorboard;
			sourceTree = "<group>";
		};
/* End PBXGroup section */

/* Begin PBXNativeTarget section */
		D8D185D72C7585DC00866001 /* SwiftForStorboard */ = {
			isa = PBXNativeTarget;
			buildConfigurationList = D8D185EC2C7585DD00866001 /* Build configuration list for PBXNativeTarget "SwiftForStorboard" */;
			buildPhases = (
				D8D185D42C7585DC00866001 /* Sources */,
				D8D185D52C7585DC00866001 /* Frameworks */,
				D8D185D62C7585DC00866001 /* Resources */,
			);
			buildRules = (
			);
			dependencies = (
			);
			name = SwiftForStorboard;
			productName = SwiftForStorboard;
			productReference = D8D185D82C7585DC00866001 /* SwiftForStorboard.app */;
			productType = "com.apple.product-type.application";
		};
/* End PBXNativeTarget section */

/* Begin PBXProject section */
		D8D185D02C7585DC00866001 /* Project object */ = {
			isa = PBXProject;
			attributes = {
				BuildIndependentTargetsInParallel = 1;
				LastSwiftUpdateCheck = 1540;
				LastUpgradeCheck = 1540;
				TargetAttributes = {
					D8D185D72C7585DC00866001 = {
						CreatedOnToolsVersion = 15.4;
					};
				};
			};
			buildConfigurationList = D8D185D32C7585DC00866001 /* Build configuration list for PBXProject "SwiftForStorboard" */;
			compatibilityVersion = "Xcode 14.0";
			developmentRegion = en;
			hasScannedForEncodings = 0;
			knownRegions = (
				en,
				Base,
			);
			mainGroup = D8D185CF2C7585DC00866001;
			productRefGroup = D8D185D92C7585DC00866001 /* Products */;
			projectDirPath = "";
			projectRoot = "";
			targets = (
				D8D185D72C7585DC00866001 /* SwiftForStorboard */,
			);
		};
/* End PBXProject section */

/* Begin PBXResourcesBuildPhase section */
		D8D185D62C7585DC00866001 /* Resources */ = {
			isa = PBXResourcesBuildPhase;
			buildActionMask = 2147483647;
			files = (
				D8D185E52C7585DD00866001 /* Assets.xcassets in Resources */,
				D8D185E82C7585DD00866001 /* Base in Resources */,
				D8D185E32C7585DC00866001 /* Base in Resources */,
			);
			runOnlyForDeploymentPostprocessing = 0;
		};
/* End PBXResourcesBuildPhase section */

/* Begin PBXSourcesBuildPhase section */
		D8D185D42C7585DC00866001 /* Sources */ = {
			isa = PBXSourcesBuildPhase;
			buildActionMask = 2147483647;
			files = (
				D8D185E02C7585DC00866001 /* ViewController.swift in Sources */,
				D8D185F22C75B3A000866001 /* ELMySelfCellModel.swift in Sources */,
				D8D185DC2C7585DC00866001 /* AppDelegate.swift in Sources */,
				D8D185F02C7590CD00866001 /* ELMySelfTableViewCell.swift in Sources */,
				D8D185DE2C7585DC00866001 /* SceneDelegate.swift in Sources */,
				D8D185F42C75B42B00866001 /* ELMySelfViewController.swift in Sources */,
			);
			runOnlyForDeploymentPostprocessing = 0;
		};
/* End PBXSourcesBuildPhase section */

/* Begin PBXVariantGroup section */
		D8D185E12C7585DC00866001 /* Main.storyboard */ = {
			isa = PBXVariantGroup;
			children = (
				D8D185E22C7585DC00866001 /* Base */,
			);
			name = Main.storyboard;
			sourceTree = "<group>";
		};
		D8D185E62C7585DD00866001 /* LaunchScreen.storyboard */ = {
			isa = PBXVariantGroup;
			children = (
				D8D185E72C7585DD00866001 /* Base */,
			);
			name = LaunchScreen.storyboard;
			sourceTree = "<group>";
		};
/* End PBXVariantGroup section */

/* Begin XCBuildConfiguration section */
		D8D185EA2C7585DD00866001 /* Debug */ = {
			isa = XCBuildConfiguration;
			buildSettings = {
				ALWAYS_SEARCH_USER_PATHS = NO;
				ASSETCATALOG_COMPILER_GENERATE_SWIFT_ASSET_SYMBOL_EXTENSIONS = YES;
				CLANG_ANALYZER_NONNULL = YES;
				CLANG_ANALYZER_NUMBER_OBJECT_CONVERSION = YES_AGGRESSIVE;
				CLANG_CXX_LANGUAGE_STANDARD = "gnu++20";
				CLANG_ENABLE_MODULES = YES;
				CLANG_ENABLE_OBJC_ARC = YES;
				CLANG_ENABLE_OBJC_WEAK = YES;
				CLANG_WARN_BLOCK_CAPTURE_AUTORELEASING = YES;
				CLANG_WARN_BOOL_CONVERSION = YES;
				CLANG_WARN_COMMA = YES;
				CLANG_WARN_CONSTANT_CONVERSION = YES;
				CLANG_WARN_DEPRECATED_OBJC_IMPLEMENTATIONS = YES;
				CLANG_WARN_DIRECT_OBJC_ISA_USAGE = YES_ERROR;
				CLANG_WARN_DOCUMENTATION_COMMENTS = YES;
				CLANG_WARN_EMPTY_BODY = YES;
				CLANG_WARN_ENUM_CONVERSION = YES;
				CLANG_WARN_INFINITE_RECURSION = YES;
				CLANG_WARN_INT_CONVERSION = YES;
				CLANG_WARN_NON_LITERAL_NULL_CONVERSION = YES;
				CLANG_WARN_OBJC_IMPLICIT_RETAIN_SELF = YES;
				CLANG_WARN_OBJC_LITERAL_CONVERSION = YES;
				CLANG_WARN_OBJC_ROOT_CLASS = YES_ERROR;
				CLANG_WARN_QUOTED_INCLUDE_IN_FRAMEWORK_HEADER = YES;
				CLANG_WARN_RANGE_LOOP_ANALYSIS = YES;
				CLANG_WARN_STRICT_PROTOTYPES = YES;
				CLANG_WARN_SUSPICIOUS_MOVE = YES;
				CLANG_WARN_UNGUARDED_AVAILABILITY = YES_AGGRESSIVE;
				CLANG_WARN_UNREACHABLE_CODE = YES;
				CLANG_WARN__DUPLICATE_METHOD_MATCH = YES;
				COPY_PHASE_STRIP = NO;
				DEBUG_INFORMATION_FORMAT = dwarf;
				ENABLE_STRICT_OBJC_MSGSEND = YES;
				ENABLE_TESTABILITY = YES;
				ENABLE_USER_SCRIPT_SANDBOXING = YES;
				GCC_C_LANGUAGE_STANDARD = gnu17;
				GCC_DYNAMIC_NO_PIC = NO;
				GCC_NO_COMMON_BLOCKS = YES;
				GCC_OPTIMIZATION_LEVEL = 0;
				GCC_PREPROCESSOR_DEFINITIONS = (
					"DEBUG=1",
					"$(inherited)",
				);
				GCC_WARN_64_TO_32_BIT_CONVERSION = YES;
				GCC_WARN_ABOUT_RETURN_TYPE = YES_ERROR;
				GCC_WARN_UNDECLARED_SELECTOR = YES;
				GCC_WARN_UNINITIALIZED_AUTOS = YES_AGGRESSIVE;
				GCC_WARN_UNUSED_FUNCTION = YES;
				GCC_WARN_UNUSED_VARIABLE = YES;
				IPHONEOS_DEPLOYMENT_TARGET = 17.5;
				LOCALIZATION_PREFERS_STRING_CATALOGS = YES;
				MTL_ENABLE_DEBUG_INFO = INCLUDE_SOURCE;
				MTL_FAST_MATH = YES;
				ONLY_ACTIVE_ARCH = YES;
				SDKROOT = iphoneos;
				SWIFT_ACTIVE_COMPILATION_CONDITIONS = "DEBUG $(inherited)";
				SWIFT_OPTIMIZATION_LEVEL = "-Onone";
			};
			name = Debug;
		};
		D8D185EB2C7585DD00866001 /* Release */ = {
			isa = XCBuildConfiguration;
			buildSettings = {
				ALWAYS_SEARCH_USER_PATHS = NO;
				ASSETCATALOG_COMPILER_GENERATE_SWIFT_ASSET_SYMBOL_EXTENSIONS = YES;
				CLANG_ANALYZER_NONNULL = YES;
				CLANG_ANALYZER_NUMBER_OBJECT_CONVERSION = YES_AGGRESSIVE;
				CLANG_CXX_LANGUAGE_STANDARD = "gnu++20";
				CLANG_ENABLE_MODULES = YES;
				CLANG_ENABLE_OBJC_ARC = YES;
				CLANG_ENABLE_OBJC_WEAK = YES;
				CLANG_WARN_BLOCK_CAPTURE_AUTORELEASING = YES;
				CLANG_WARN_BOOL_CONVERSION = YES;
				CLANG_WARN_COMMA = YES;
				CLANG_WARN_CONSTANT_CONVERSION = YES;
				CLANG_WARN_DEPRECATED_OBJC_IMPLEMENTATIONS = YES;
				CLANG_WARN_DIRECT_OBJC_ISA_USAGE = YES_ERROR;
				CLANG_WARN_DOCUMENTATION_COMMENTS = YES;
				CLANG_WARN_EMPTY_BODY = YES;
				CLANG_WARN_ENUM_CONVERSION = YES;
				CLANG_WARN_INFINITE_RECURSION = YES;
				CLANG_WARN_INT_CONVERSION = YES;
				CLANG_WARN_NON_LITERAL_NULL_CONVERSION = YES;
				CLANG_WARN_OBJC_IMPLICIT_RETAIN_SELF = YES;
				CLANG_WARN_OBJC_LITERAL_CONVERSION = YES;
				CLANG_WARN_OBJC_ROOT_CLASS = YES_ERROR;
				CLANG_WARN_QUOTED_INCLUDE_IN_FRAMEWORK_HEADER = YES;
				CLANG_WARN_RANGE_LOOP_ANALYSIS = YES;
				CLANG_WARN_STRICT_PROTOTYPES = YES;
				CLANG_WARN_SUSPICIOUS_MOVE = YES;
				CLANG_WARN_UNGUARDED_AVAILABILITY = YES_AGGRESSIVE;
				CLANG_WARN_UNREACHABLE_CODE = YES;
				CLANG_WARN__DUPLICATE_METHOD_MATCH = YES;
				COPY_PHASE_STRIP = NO;
				DEBUG_INFORMATION_FORMAT = "dwarf-with-dsym";
				ENABLE_NS_ASSERTIONS = NO;
				ENABLE_STRICT_OBJC_MSGSEND = YES;
				ENABLE_USER_SCRIPT_SANDBOXING = YES;
				GCC_C_LANGUAGE_STANDARD = gnu17;
				GCC_NO_COMMON_BLOCKS = YES;
				GCC_WARN_64_TO_32_BIT_CONVERSION = YES;
				GCC_WARN_ABOUT_RETURN_TYPE = YES_ERROR;
				GCC_WARN_UNDECLARED_SELECTOR = YES;
				GCC_WARN_UNINITIALIZED_AUTOS = YES_AGGRESSIVE;
				GCC_WARN_UNUSED_FUNCTION = YES;
				GCC_WARN_UNUSED_VARIABLE = YES;
				IPHONEOS_DEPLOYMENT_TARGET = 17.5;
				LOCALIZATION_PREFERS_STRING_CATALOGS = YES;
				MTL_ENABLE_DEBUG_INFO = NO;
				MTL_FAST_MATH = YES;
				SDKROOT = iphoneos;
				SWIFT_COMPILATION_MODE = wholemodule;
				VALIDATE_PRODUCT = YES;
			};
			name = Release;
		};
		D8D185ED2C7585DD00866001 /* Debug */ = {
			isa = XCBuildConfiguration;
			buildSettings = {
				ASSETCATALOG_COMPILER_APPICON_NAME = AppIcon;
				ASSETCATALOG_COMPILER_GLOBAL_ACCENT_COLOR_NAME = AccentColor;
				CODE_SIGN_STYLE = Automatic;
				CURRENT_PROJECT_VERSION = 1;
				DEVELOPMENT_TEAM = KCLCJ9X7RB;
				GENERATE_INFOPLIST_FILE = YES;
				INFOPLIST_FILE = SwiftForStorboard/Info.plist;
				INFOPLIST_KEY_UIApplicationSupportsIndirectInputEvents = YES;
				INFOPLIST_KEY_UILaunchStoryboardName = LaunchScreen;
				INFOPLIST_KEY_UIMainStoryboardFile = Main;
				INFOPLIST_KEY_UISupportedInterfaceOrientations_iPad = "UIInterfaceOrientationPortrait UIInterfaceOrientationPortraitUpsideDown UIInterfaceOrientationLandscapeLeft UIInterfaceOrientationLandscapeRight";
				INFOPLIST_KEY_UISupportedInterfaceOrientations_iPhone = "UIInterfaceOrientationPortrait UIInterfaceOrientationLandscapeLeft UIInterfaceOrientationLandscapeRight";
				LD_RUNPATH_SEARCH_PATHS = (
					"$(inherited)",
					"@executable_path/Frameworks",
				);
				MARKETING_VERSION = 1.0;
				PRODUCT_BUNDLE_IDENTIFIER = com.newsoft.SwiftForStorboard;
				PRODUCT_NAME = "$(TARGET_NAME)";
				SWIFT_EMIT_LOC_STRINGS = YES;
				SWIFT_VERSION = 5.0;
				TARGETED_DEVICE_FAMILY = "1,2";
			};
			name = Debug;
		};
		D8D185EE2C7585DD00866001 /* Release */ = {
			isa = XCBuildConfiguration;
			buildSettings = {
				ASSETCATALOG_COMPILER_APPICON_NAME = AppIcon;
				ASSETCATALOG_COMPILER_GLOBAL_ACCENT_COLOR_NAME = AccentColor;
				CODE_SIGN_STYLE = Automatic;
				CURRENT_PROJECT_VERSION = 1;
				DEVELOPMENT_TEAM = KCLCJ9X7RB;
				GENERATE_INFOPLIST_FILE = YES;
				INFOPLIST_FILE = SwiftForStorboard/Info.plist;
				INFOPLIST_KEY_UIApplicationSupportsIndirectInputEvents = YES;
				INFOPLIST_KEY_UILaunchStoryboardName = LaunchScreen;
				INFOPLIST_KEY_UIMainStoryboardFile = Main;
				INFOPLIST_KEY_UISupportedInterfaceOrientations_iPad = "UIInterfaceOrientationPortrait UIInterfaceOrientationPortraitUpsideDown UIInterfaceOrientationLandscapeLeft UIInterfaceOrientationLandscapeRight";
				INFOPLIST_KEY_UISupportedInterfaceOrientations_iPhone = "UIInterfaceOrientationPortrait UIInterfaceOrientationLandscapeLeft UIInterfaceOrientationLandscapeRight";
				LD_RUNPATH_SEARCH_PATHS = (
					"$(inherited)",
					"@executable_path/Frameworks",
				);
				MARKETING_VERSION = 1.0;
				PRODUCT_BUNDLE_IDENTIFIER = com.newsoft.SwiftForStorboard;
				PRODUCT_NAME = "$(TARGET_NAME)";
				SWIFT_EMIT_LOC_STRINGS = YES;
				SWIFT_VERSION = 5.0;
				TARGETED_DEVICE_FAMILY = "1,2";
			};
			name = Release;
		};
/* End XCBuildConfiguration section */

/* Begin XCConfigurationList section */
		D8D185D32C7585DC00866001 /* Build configuration list for PBXProject "SwiftForStorboard" */ = {
			isa = XCConfigurationList;
			buildConfigurations = (
				D8D185EA2C7585DD00866001 /* Debug */,
				D8D185EB2C7585DD00866001 /* Release */,
			);
			defaultConfigurationIsVisible = 0;
			defaultConfigurationName = Release;
		};
		D8D185EC2C7585DD00866001 /* Build configuration list for PBXNativeTarget "SwiftForStorboard" */ = {
			isa = XCConfigurationList;
			buildConfigurations = (
				D8D185ED2C7585DD00866001 /* Debug */,
				D8D185EE2C7585DD00866001 /* Release */,
			);
			defaultConfigurationIsVisible = 0;
			defaultConfigurationName = Release;
		};
/* End XCConfigurationList section */
	};
	rootObject = D8D185D02C7585DC00866001 /* Project object */;
}
